
Microsoft Visual Studio Solution File, Format Version 12.00
# Visual Studio Version 17
VisualStudioVersion = 17.6.33815.320
MinimumVisualStudioVersion = 10.0.40219.1
Project("{FAE04EC0-301F-11D3-BF4B-00C04F79EFBC}") = "Discoteca", "Discoteca\Discoteca.csproj", "{36810537-1199-4406-AD6E-74633DD1BC7D}"
EndProject
Global
	GlobalSection(SolutionConfigurationPlatforms) = preSolution
		Debug|Any CPU = Debug|Any CPU
		Release|Any CPU = Release|Any CPU
	EndGlobalSection
	GlobalSection(ProjectConfigurationPlatforms) = postSolution
		{36810537-1199-4406-AD6E-74633DD1BC7D}.Debug|Any CPU.ActiveCfg = Debug|Any CPU
		{36810537-1199-4406-AD6E-74633DD1BC7D}.Debug|Any CPU.Build.0 = Debug|Any CPU
		{36810537-1199-4406-AD6E-74633DD1BC7D}.Release|Any CPU.ActiveCfg = Release|Any CPU
		{36810537-1199-4406-AD6E-74633DD1BC7D}.Release|Any CPU.Build.0 = Release|Any CPU
	EndGlobalSection
	GlobalSection(SolutionProperties) = preSolution
		HideSolutionNode = FALSE
	EndGlobalSection
	GlobalSection(ExtensibilityGlobals) = postSolution
		SolutionGuid = {FD7F8A55-8162-47B0-A4C7-507EDE3A0823}
	EndGlobalSection
EndGlobal
